
Microsoft Visual Studio Solution File, Format Version 12.00
# Visual Studio Version 16
VisualStudioVersion = 16.0.31410.357
MinimumVisualStudioVersion = 10.0.40219.1
Project("{FAE04EC0-301F-11D3-BF4B-00C04F79EFBC}") = "Kuyruk(Queue)", "Kuyruk(Queue).csproj", "{5C3E9647-5D8B-4400-A4A7-3782C446F629}"
EndProject
Global
	GlobalSection(SolutionConfigurationPlatforms) = preSolution
		Debug|Any CPU = Debug|Any CPU
		Release|Any CPU = Release|Any CPU
	EndGlobalSection
	GlobalSection(ProjectConfigurationPlatforms) = postSolution
		{5C3E9647-5D8B-4400-A4A7-3782C446F629}.Debug|Any CPU.ActiveCfg = Debug|Any CPU
		{5C3E9647-5D8B-4400-A4A7-3782C446F629}.Debug|Any CPU.Build.0 = Debug|Any CPU
		{5C3E9647-5D8B-4400-A4A7-3782C446F629}.Release|Any CPU.ActiveCfg = Release|Any CPU
		{5C3E9647-5D8B-4400-A4A7-3782C446F629}.Release|Any CPU.Build.0 = Release|Any CPU
	EndGlobalSection
	GlobalSection(SolutionProperties) = preSolution
		HideSolutionNode = FALSE
	EndGlobalSection
	GlobalSection(ExtensibilityGlobals) = postSolution
		SolutionGuid = {95119609-DF2D-47EE-9C6F-F334BD851622}
	EndGlobalSection
EndGlobal
